
Microsoft Visual Studio Solution File, Format Version 12.00
# Visual Studio Version 17
VisualStudioVersion = 17.8.34511.84
MinimumVisualStudioVersion = 10.0.40219.1
Project("{FAE04EC0-301F-11D3-BF4B-00C04F79EFBC}") = "Forms", "Forms\Forms.csproj", "{CAECF116-896E-40CE-B133-12DA6EDC5D9A}"
EndProject
Project("{FAE04EC0-301F-11D3-BF4B-00C04F79EFBC}") = "UniversitySystem.DAL", "UniversitySystem.DAL\UniversitySystem.DAL.csproj", "{9262E48D-ADAD-4873-BBC3-EF43D5C8698D}"
EndProject
Project("{FAE04EC0-301F-11D3-BF4B-00C04F79EFBC}") = "UniversitySystem.BLL", "UniversitySystem.BLL\UniversitySystem.BLL.csproj", "{B57D66AC-0434-4088-A132-47B2661B4080}"
EndProject
Global
	GlobalSection(SolutionConfigurationPlatforms) = preSolution
		Debug|Any CPU = Debug|Any CPU
		Release|Any CPU = Release|Any CPU
	EndGlobalSection
	GlobalSection(ProjectConfigurationPlatforms) = postSolution
		{CAECF116-896E-40CE-B133-12DA6EDC5D9A}.Debug|Any CPU.ActiveCfg = Debug|Any CPU
		{CAECF116-896E-40CE-B133-12DA6EDC5D9A}.Debug|Any CPU.Build.0 = Debug|Any CPU
		{CAECF116-896E-40CE-B133-12DA6EDC5D9A}.Release|Any CPU.ActiveCfg = Release|Any CPU
		{CAECF116-896E-40CE-B133-12DA6EDC5D9A}.Release|Any CPU.Build.0 = Release|Any CPU
		{9262E48D-ADAD-4873-BBC3-EF43D5C8698D}.Debug|Any CPU.ActiveCfg = Debug|Any CPU
		{9262E48D-ADAD-4873-BBC3-EF43D5C8698D}.Debug|Any CPU.Build.0 = Debug|Any CPU
		{9262E48D-ADAD-4873-BBC3-EF43D5C8698D}.Release|Any CPU.ActiveCfg = Release|Any CPU
		{9262E48D-ADAD-4873-BBC3-EF43D5C8698D}.Release|Any CPU.Build.0 = Release|Any CPU
		{B57D66AC-0434-4088-A132-47B2661B4080}.Debug|Any CPU.ActiveCfg = Debug|Any CPU
		{B57D66AC-0434-4088-A132-47B2661B4080}.Debug|Any CPU.Build.0 = Debug|Any CPU
		{B57D66AC-0434-4088-A132-47B2661B4080}.Release|Any CPU.ActiveCfg = Release|Any CPU
		{B57D66AC-0434-4088-A132-47B2661B4080}.Release|Any CPU.Build.0 = Release|Any CPU
	EndGlobalSection
	GlobalSection(SolutionProperties) = preSolution
		HideSolutionNode = FALSE
	EndGlobalSection
	GlobalSection(ExtensibilityGlobals) = postSolution
		SolutionGuid = {908E4B62-00D5-4370-9A81-5356012D6090}
	EndGlobalSection
EndGlobal
